// !$*UTF8*$!
{
	archiveVersion = 1;
	classes = {
	};
	objectVersion = 56;
	objects = {

/* Begin PBXBuildFile section */
		CE07FC652B201FDC001C4F8D /* HomeView.swift in Sources */ = {isa = PBXBuildFile; fileRef = CE07FC642B201FDC001C4F8D /* HomeView.swift */; };
		CE07FC672B2023EF001C4F8D /* LoadingView.swift in Sources */ = {isa = PBXBuildFile; fileRef = CE07FC662B2023EF001C4F8D /* LoadingView.swift */; };
		CE07FC692B20255E001C4F8D /* WeatherManager.swift in Sources */ = {isa = PBXBuildFile; fileRef = CE07FC682B20255E001C4F8D /* WeatherManager.swift */; };
		CE07FC6B2B202DC4001C4F8D /* WeatherView.swift in Sources */ = {isa = PBXBuildFile; fileRef = CE07FC6A2B202DC4001C4F8D /* WeatherView.swift */; };
		CE07FC6D2B202E13001C4F8D /* ModelData.swift in Sources */ = {isa = PBXBuildFile; fileRef = CE07FC6C2B202E13001C4F8D /* ModelData.swift */; };
		CE07FC6F2B202FA1001C4F8D /* weatherData.json in Resources */ = {isa = PBXBuildFile; fileRef = CE07FC6E2B202FA1001C4F8D /* weatherData.json */; };
		CE07FC712B203161001C4F8D /* Extensions.swift in Sources */ = {isa = PBXBuildFile; fileRef = CE07FC702B203161001C4F8D /* Extensions.swift */; };
		CE07FC742B2045F8001C4F8D /* WeatherDetail.swift in Sources */ = {isa = PBXBuildFile; fileRef = CE07FC732B2045F7001C4F8D /* WeatherDetail.swift */; };
		CE8CDA6A2B2016BB0039F959 /* WeatherApp.swift in Sources */ = {isa = PBXBuildFile; fileRef = CE8CDA692B2016BB0039F959 /* WeatherApp.swift */; };
		CE8CDA6E2B2016BF0039F959 /* Assets.xcassets in Resources */ = {isa = PBXBuildFile; fileRef = CE8CDA6D2B2016BF0039F959 /* Assets.xcassets */; };
		CE8CDA712B2016BF0039F959 /* Preview Assets.xcassets in Resources */ = {isa = PBXBuildFile; fileRef = CE8CDA702B2016BF0039F959 /* Preview Assets.xcassets */; };
		CE8CDA792B2017C80039F959 /* LocationManager.swift in Sources */ = {isa = PBXBuildFile; fileRef = CE8CDA782B2017C70039F959 /* LocationManager.swift */; };
/* End PBXBuildFile section */

/* Begin PBXFileReference section */
		CE07FC642B201FDC001C4F8D /* HomeView.swift */ = {isa = PBXFileReference; lastKnownFileType = sourcecode.swift; path = HomeView.swift; sourceTree = "<group>"; };
		CE07FC662B2023EF001C4F8D /* LoadingView.swift */ = {isa = PBXFileReference; lastKnownFileType = sourcecode.swift; path = LoadingView.swift; sourceTree = "<group>"; };
		CE07FC682B20255E001C4F8D /* WeatherManager.swift */ = {isa = PBXFileReference; lastKnownFileType = sourcecode.swift; path = WeatherManager.swift; sourceTree = "<group>"; };
		CE07FC6A2B202DC4001C4F8D /* WeatherView.swift */ = {isa = PBXFileReference; lastKnownFileType = sourcecode.swift; path = WeatherView.swift; sourceTree = "<group>"; };
		CE07FC6C2B202E13001C4F8D /* ModelData.swift */ = {isa = PBXFileReference; lastKnownFileType = sourcecode.swift; path = ModelData.swift; sourceTree = "<group>"; };
		CE07FC6E2B202FA1001C4F8D /* weatherData.json */ = {isa = PBXFileReference; lastKnownFileType = text.json; path = weatherData.json; sourceTree = "<group>"; };
		CE07FC702B203161001C4F8D /* Extensions.swift */ = {isa = PBXFileReference; lastKnownFileType = sourcecode.swift; path = Extensions.swift; sourceTree = "<group>"; };
		CE07FC732B2045F7001C4F8D /* WeatherDetail.swift */ = {isa = PBXFileReference; lastKnownFileType = sourcecode.swift; path = WeatherDetail.swift; sourceTree = "<group>"; };
		CE8CDA662B2016BB0039F959 /* Weather.app */ = {isa = PBXFileReference; explicitFileType = wrapper.application; includeInIndex = 0; path = Weather.app; sourceTree = BUILT_PRODUCTS_DIR; };
		CE8CDA692B2016BB0039F959 /* WeatherApp.swift */ = {isa = PBXFileReference; lastKnownFileType = sourcecode.swift; path = WeatherApp.swift; sourceTree = "<group>"; };
		CE8CDA6D2B2016BF0039F959 /* Assets.xcassets */ = {isa = PBXFileReference; lastKnownFileType = folder.assetcatalog; path = Assets.xcassets; sourceTree = "<group>"; };
		CE8CDA702B2016BF0039F959 /* Preview Assets.xcassets */ = {isa = PBXFileReference; lastKnownFileType = folder.assetcatalog; path = "Preview Assets.xcassets"; sourceTree = "<group>"; };
		CE8CDA782B2017C70039F959 /* LocationManager.swift */ = {isa = PBXFileReference; lastKnownFileType = sourcecode.swift; path = LocationManager.swift; sourceTree = "<group>"; };
/* End PBXFileReference section */

/* Begin PBXFrameworksBuildPhase section */
		CE8CDA632B2016BB0039F959 /* Frameworks */ = {
			isa = PBXFrameworksBuildPhase;
			buildActionMask = 2147483647;
			files = (
			);
			runOnlyForDeploymentPostprocessing = 0;
		};
/* End PBXFrameworksBuildPhase section */

/* Begin PBXGroup section */
		CE07FC632B201ECE001C4F8D /* Views */ = {
			isa = PBXGroup;
			children = (
				CE07FC642B201FDC001C4F8D /* HomeView.swift */,
				CE07FC662B2023EF001C4F8D /* LoadingView.swift */,
				CE07FC6A2B202DC4001C4F8D /* WeatherView.swift */,
			);
			path = Views;
			sourceTree = "<group>";
		};
		CE07FC722B2045DB001C4F8D /* Components */ = {
			isa = PBXGroup;
			children = (
				CE07FC732B2045F7001C4F8D /* WeatherDetail.swift */,
			);
			path = Components;
			sourceTree = "<group>";
		};
		CE8CDA5D2B2016BB0039F959 = {
			isa = PBXGroup;
			children = (
				CE8CDA682B2016BB0039F959 /* Weather */,
				CE8CDA672B2016BB0039F959 /* Products */,
			);
			sourceTree = "<group>";
		};
		CE8CDA672B2016BB0039F959 /* Products */ = {
			isa = PBXGroup;
			children = (
				CE8CDA662B2016BB0039F959 /* Weather.app */,
			);
			name = Products;
			sourceTree = "<group>";
		};
		CE8CDA682B2016BB0039F959 /* Weather */ = {
			isa = PBXGroup;
			children = (
				CE07FC722B2045DB001C4F8D /* Components */,
				CE07FC702B203161001C4F8D /* Extensions.swift */,
				CE07FC632B201ECE001C4F8D /* Views */,
				CE8CDA772B20178A0039F959 /* Managers */,
				CE8CDA692B2016BB0039F959 /* WeatherApp.swift */,
				CE8CDA6D2B2016BF0039F959 /* Assets.xcassets */,
				CE8CDA6F2B2016BF0039F959 /* Preview Content */,
			);
			path = Weather;
			sourceTree = "<group>";
		};
		CE8CDA6F2B2016BF0039F959 /* Preview Content */ = {
			isa = PBXGroup;
			children = (
				CE8CDA702B2016BF0039F959 /* Preview Assets.xcassets */,
				CE07FC6C2B202E13001C4F8D /* ModelData.swift */,
				CE07FC6E2B202FA1001C4F8D /* weatherData.json */,
			);
			path = "Preview Content";
			sourceTree = "<group>";
		};
		CE8CDA772B20178A0039F959 /* Managers */ = {
			isa = PBXGroup;
			children = (
				CE8CDA782B2017C70039F959 /* LocationManager.swift */,
				CE07FC682B20255E001C4F8D /* WeatherManager.swift */,
			);
			path = Managers;
			sourceTree = "<group>";
		};
/* End PBXGroup section */

/* Begin PBXNativeTarget section */
		CE8CDA652B2016BB0039F959 /* Weather */ = {
			isa = PBXNativeTarget;
			buildConfigurationList = CE8CDA742B2016BF0039F959 /* Build configuration list for PBXNativeTarget "Weather" */;
			buildPhases = (
				CE8CDA622B2016BB0039F959 /* Sources */,
				CE8CDA632B2016BB0039F959 /* Frameworks */,
				CE8CDA642B2016BB0039F959 /* Resources */,
			);
			buildRules = (
			);
			dependencies = (
			);
			name = Weather;
			productName = Weather;
			productReference = CE8CDA662B2016BB0039F959 /* Weather.app */;
			productType = "com.apple.product-type.application";
		};
/* End PBXNativeTarget section */

/* Begin PBXProject section */
		CE8CDA5E2B2016BB0039F959 /* Project object */ = {
			isa = PBXProject;
			attributes = {
				BuildIndependentTargetsInParallel = 1;
				LastSwiftUpdateCheck = 1420;
				LastUpgradeCheck = 1420;
				TargetAttributes = {
					CE8CDA652B2016BB0039F959 = {
						CreatedOnToolsVersion = 14.2;
					};
				};
			};
			buildConfigurationList = CE8CDA612B2016BB0039F959 /* Build configuration list for PBXProject "Weather" */;
			compatibilityVersion = "Xcode 14.0";
			developmentRegion = en;
			hasScannedForEncodings = 0;
			knownRegions = (
				en,
				Base,
			);
			mainGroup = CE8CDA5D2B2016BB0039F959;
			productRefGroup = CE8CDA672B2016BB0039F959 /* Products */;
			projectDirPath = "";
			projectRoot = "";
			targets = (
				CE8CDA652B2016BB0039F959 /* Weather */,
			);
		};
/* End PBXProject section */

/* Begin PBXResourcesBuildPhase section */
		CE8CDA642B2016BB0039F959 /* Resources */ = {
			isa = PBXResourcesBuildPhase;
			buildActionMask = 2147483647;
			files = (
				CE8CDA712B2016BF0039F959 /* Preview Assets.xcassets in Resources */,
				CE07FC6F2B202FA1001C4F8D /* weatherData.json in Resources */,
				CE8CDA6E2B2016BF0039F959 /* Assets.xcassets in Resources */,
			);
			runOnlyForDeploymentPostprocessing = 0;
		};
/* End PBXResourcesBuildPhase section */

/* Begin PBXSourcesBuildPhase section */
		CE8CDA622B2016BB0039F959 /* Sources */ = {
			isa = PBXSourcesBuildPhase;
			buildActionMask = 2147483647;
			files = (
				CE8CDA6A2B2016BB0039F959 /* WeatherApp.swift in Sources */,
				CE07FC672B2023EF001C4F8D /* LoadingView.swift in Sources */,
				CE07FC692B20255E001C4F8D /* WeatherManager.swift in Sources */,
				CE07FC742B2045F8001C4F8D /* WeatherDetail.swift in Sources */,
				CE07FC712B203161001C4F8D /* Extensions.swift in Sources */,
				CE07FC6B2B202DC4001C4F8D /* WeatherView.swift in Sources */,
				CE8CDA792B2017C80039F959 /* LocationManager.swift in Sources */,
				CE07FC652B201FDC001C4F8D /* HomeView.swift in Sources */,
				CE07FC6D2B202E13001C4F8D /* ModelData.swift in Sources */,
			);
			runOnlyForDeploymentPostprocessing = 0;
		};
/* End PBXSourcesBuildPhase section */

/* Begin XCBuildConfiguration section */
		CE8CDA722B2016BF0039F959 /* Debug */ = {
			isa = XCBuildConfiguration;
			buildSettings = {
				ALWAYS_SEARCH_USER_PATHS = NO;
				CLANG_ANALYZER_NONNULL = YES;
				CLANG_ANALYZER_NUMBER_OBJECT_CONVERSION = YES_AGGRESSIVE;
				CLANG_CXX_LANGUAGE_STANDARD = "gnu++20";
				CLANG_ENABLE_MODULES = YES;
				CLANG_ENABLE_OBJC_ARC = YES;
				CLANG_ENABLE_OBJC_WEAK = YES;
				CLANG_WARN_BLOCK_CAPTURE_AUTORELEASING = YES;
				CLANG_WARN_BOOL_CONVERSION = YES;
				CLANG_WARN_COMMA = YES;
				CLANG_WARN_CONSTANT_CONVERSION = YES;
				CLANG_WARN_DEPRECATED_OBJC_IMPLEMENTATIONS = YES;
				CLANG_WARN_DIRECT_OBJC_ISA_USAGE = YES_ERROR;
				CLANG_WARN_DOCUMENTATION_COMMENTS = YES;
				CLANG_WARN_EMPTY_BODY = YES;
				CLANG_WARN_ENUM_CONVERSION = YES;
				CLANG_WARN_INFINITE_RECURSION = YES;
				CLANG_WARN_INT_CONVERSION = YES;
				CLANG_WARN_NON_LITERAL_NULL_CONVERSION = YES;
				CLANG_WARN_OBJC_IMPLICIT_RETAIN_SELF = YES;
				CLANG_WARN_OBJC_LITERAL_CONVERSION = YES;
				CLANG_WARN_OBJC_ROOT_CLASS = YES_ERROR;
				CLANG_WARN_QUOTED_INCLUDE_IN_FRAMEWORK_HEADER = YES;
				CLANG_WARN_RANGE_LOOP_ANALYSIS = YES;
				CLANG_WARN_STRICT_PROTOTYPES = YES;
				CLANG_WARN_SUSPICIOUS_MOVE = YES;
				CLANG_WARN_UNGUARDED_AVAILABILITY = YES_AGGRESSIVE;
				CLANG_WARN_UNREACHABLE_CODE = YES;
				CLANG_WARN__DUPLICATE_METHOD_MATCH = YES;
				COPY_PHASE_STRIP = NO;
				DEBUG_INFORMATION_FORMAT = dwarf;
				ENABLE_STRICT_OBJC_MSGSEND = YES;
				ENABLE_TESTABILITY = YES;
				GCC_C_LANGUAGE_STANDARD = gnu11;
				GCC_DYNAMIC_NO_PIC = NO;
				GCC_NO_COMMON_BLOCKS = YES;
				GCC_OPTIMIZATION_LEVEL = 0;
				GCC_PREPROCESSOR_DEFINITIONS = (
					"DEBUG=1",
					"$(inherited)",
				);
				GCC_WARN_64_TO_32_BIT_CONVERSION = YES;
				GCC_WARN_ABOUT_RETURN_TYPE = YES_ERROR;
				GCC_WARN_UNDECLARED_SELECTOR = YES;
				GCC_WARN_UNINITIALIZED_AUTOS = YES_AGGRESSIVE;
				GCC_WARN_UNUSED_FUNCTION = YES;
				GCC_WARN_UNUSED_VARIABLE = YES;
				IPHONEOS_DEPLOYMENT_TARGET = 16.2;
				MTL_ENABLE_DEBUG_INFO = INCLUDE_SOURCE;
				MTL_FAST_MATH = YES;
				ONLY_ACTIVE_ARCH = YES;
				SDKROOT = iphoneos;
				SWIFT_ACTIVE_COMPILATION_CONDITIONS = DEBUG;
				SWIFT_OPTIMIZATION_LEVEL = "-Onone";
			};
			name = Debug;
		};
		CE8CDA732B2016BF0039F959 /* Release */ = {
			isa = XCBuildConfiguration;
			buildSettings = {
				ALWAYS_SEARCH_USER_PATHS = NO;
				CLANG_ANALYZER_NONNULL = YES;
				CLANG_ANALYZER_NUMBER_OBJECT_CONVERSION = YES_AGGRESSIVE;
				CLANG_CXX_LANGUAGE_STANDARD = "gnu++20";
				CLANG_ENABLE_MODULES = YES;
				CLANG_ENABLE_OBJC_ARC = YES;
				CLANG_ENABLE_OBJC_WEAK = YES;
				CLANG_WARN_BLOCK_CAPTURE_AUTORELEASING = YES;
				CLANG_WARN_BOOL_CONVERSION = YES;
				CLANG_WARN_COMMA = YES;
				CLANG_WARN_CONSTANT_CONVERSION = YES;
				CLANG_WARN_DEPRECATED_OBJC_IMPLEMENTATIONS = YES;
				CLANG_WARN_DIRECT_OBJC_ISA_USAGE = YES_ERROR;
				CLANG_WARN_DOCUMENTATION_COMMENTS = YES;
				CLANG_WARN_EMPTY_BODY = YES;
				CLANG_WARN_ENUM_CONVERSION = YES;
				CLANG_WARN_INFINITE_RECURSION = YES;
				CLANG_WARN_INT_CONVERSION = YES;
				CLANG_WARN_NON_LITERAL_NULL_CONVERSION = YES;
				CLANG_WARN_OBJC_IMPLICIT_RETAIN_SELF = YES;
				CLANG_WARN_OBJC_LITERAL_CONVERSION = YES;
				CLANG_WARN_OBJC_ROOT_CLASS = YES_ERROR;
				CLANG_WARN_QUOTED_INCLUDE_IN_FRAMEWORK_HEADER = YES;
				CLANG_WARN_RANGE_LOOP_ANALYSIS = YES;
				CLANG_WARN_STRICT_PROTOTYPES = YES;
				CLANG_WARN_SUSPICIOUS_MOVE = YES;
				CLANG_WARN_UNGUARDED_AVAILABILITY = YES_AGGRESSIVE;
				CLANG_WARN_UNREACHABLE_CODE = YES;
				CLANG_WARN__DUPLICATE_METHOD_MATCH = YES;
				COPY_PHASE_STRIP = NO;
				DEBUG_INFORMATION_FORMAT = "dwarf-with-dsym";
				ENABLE_NS_ASSERTIONS = NO;
				ENABLE_STRICT_OBJC_MSGSEND = YES;
				GCC_C_LANGUAGE_STANDARD = gnu11;
				GCC_NO_COMMON_BLOCKS = YES;
				GCC_WARN_64_TO_32_BIT_CONVERSION = YES;
				GCC_WARN_ABOUT_RETURN_TYPE = YES_ERROR;
				GCC_WARN_UNDECLARED_SELECTOR = YES;
				GCC_WARN_UNINITIALIZED_AUTOS = YES_AGGRESSIVE;
				GCC_WARN_UNUSED_FUNCTION = YES;
				GCC_WARN_UNUSED_VARIABLE = YES;
				IPHONEOS_DEPLOYMENT_TARGET = 16.2;
				MTL_ENABLE_DEBUG_INFO = NO;
				MTL_FAST_MATH = YES;
				SDKROOT = iphoneos;
				SWIFT_COMPILATION_MODE = wholemodule;
				SWIFT_OPTIMIZATION_LEVEL = "-O";
				VALIDATE_PRODUCT = YES;
			};
			name = Release;
		};
		CE8CDA752B2016BF0039F959 /* Debug */ = {
			isa = XCBuildConfiguration;
			buildSettings = {
				ASSETCATALOG_COMPILER_APPICON_NAME = AppIcon;
				ASSETCATALOG_COMPILER_GLOBAL_ACCENT_COLOR_NAME = AccentColor;
				CODE_SIGN_STYLE = Automatic;
				CURRENT_PROJECT_VERSION = 1;
				DEVELOPMENT_ASSET_PATHS = "\"Weather/Preview Content\"";
				ENABLE_PREVIEWS = YES;
				GENERATE_INFOPLIST_FILE = YES;
				INFOPLIST_KEY_UIApplicationSceneManifest_Generation = YES;
				INFOPLIST_KEY_UIApplicationSupportsIndirectInputEvents = YES;
				INFOPLIST_KEY_UILaunchScreen_Generation = YES;
				INFOPLIST_KEY_UISupportedInterfaceOrientations_iPad = "UIInterfaceOrientationPortrait UIInterfaceOrientationPortraitUpsideDown UIInterfaceOrientationLandscapeLeft UIInterfaceOrientationLandscapeRight";
				INFOPLIST_KEY_UISupportedInterfaceOrientations_iPhone = "UIInterfaceOrientationPortrait UIInterfaceOrientationLandscapeLeft UIInterfaceOrientationLandscapeRight";
				LD_RUNPATH_SEARCH_PATHS = (
					"$(inherited)",
					"@executable_path/Frameworks",
				);
				MARKETING_VERSION = 1.0;
				PRODUCT_BUNDLE_IDENTIFIER = com.software.Weather;
				PRODUCT_NAME = "$(TARGET_NAME)";
				SWIFT_EMIT_LOC_STRINGS = YES;
				SWIFT_VERSION = 5.0;
				TARGETED_DEVICE_FAMILY = "1,2";
			};
			name = Debug;
		};
		CE8CDA762B2016BF0039F959 /* Release */ = {
			isa = XCBuildConfiguration;
			buildSettings = {
				ASSETCATALOG_COMPILER_APPICON_NAME = AppIcon;
				ASSETCATALOG_COMPILER_GLOBAL_ACCENT_COLOR_NAME = AccentColor;
				CODE_SIGN_STYLE = Automatic;
				CURRENT_PROJECT_VERSION = 1;
				DEVELOPMENT_ASSET_PATHS = "\"Weather/Preview Content\"";
				ENABLE_PREVIEWS = YES;
				GENERATE_INFOPLIST_FILE = YES;
				INFOPLIST_KEY_UIApplicationSceneManifest_Generation = YES;
				INFOPLIST_KEY_UIApplicationSupportsIndirectInputEvents = YES;
				INFOPLIST_KEY_UILaunchScreen_Generation = YES;
				INFOPLIST_KEY_UISupportedInterfaceOrientations_iPad = "UIInterfaceOrientationPortrait UIInterfaceOrientationPortraitUpsideDown UIInterfaceOrientationLandscapeLeft UIInterfaceOrientationLandscapeRight";
				INFOPLIST_KEY_UISupportedInterfaceOrientations_iPhone = "UIInterfaceOrientationPortrait UIInterfaceOrientationLandscapeLeft UIInterfaceOrientationLandscapeRight";
				LD_RUNPATH_SEARCH_PATHS = (
					"$(inherited)",
					"@executable_path/Frameworks",
				);
				MARKETING_VERSION = 1.0;
				PRODUCT_BUNDLE_IDENTIFIER = com.software.Weather;
				PRODUCT_NAME = "$(TARGET_NAME)";
				SWIFT_EMIT_LOC_STRINGS = YES;
				SWIFT_VERSION = 5.0;
				TARGETED_DEVICE_FAMILY = "1,2";
			};
			name = Release;
		};
/* End XCBuildConfiguration section */

/* Begin XCConfigurationList section */
		CE8CDA612B2016BB0039F959 /* Build configuration list for PBXProject "Weather" */ = {
			isa = XCConfigurationList;
			buildConfigurations = (
				CE8CDA722B2016BF0039F959 /* Debug */,
				CE8CDA732B2016BF0039F959 /* Release */,
			);
			defaultConfigurationIsVisible = 0;
			defaultConfigurationName = Release;
		};
		CE8CDA742B2016BF0039F959 /* Build configuration list for PBXNativeTarget "Weather" */ = {
			isa = XCConfigurationList;
			buildConfigurations = (
				CE8CDA752B2016BF0039F959 /* Debug */,
				CE8CDA762B2016BF0039F959 /* Release */,
			);
			defaultConfigurationIsVisible = 0;
			defaultConfigurationName = Release;
		};
/* End XCConfigurationList section */
	};
	rootObject = CE8CDA5E2B2016BB0039F959 /* Project object */;
}
